// !$*UTF8*$!
{
	archiveVersion = 1;
	classes = {
	};
	objectVersion = 48;
	objects = {

/* Begin PBXBuildFile section */
		781D30591FEA478100AB93B2 /* AppDelegate.m in Sources */ = {isa = PBXBuildFile; fileRef = 781D30581FEA478100AB93B2 /* AppDelegate.m */; };
		781D305C1FEA478100AB93B2 /* ViewController.mm in Sources */ = {isa = PBXBuildFile; fileRef = 781D305B1FEA478100AB93B2 /* ViewController.mm */; };
		781D305F1FEA478100AB93B2 /* Main.storyboard in Resources */ = {isa = PBXBuildFile; fileRef = 781D305D1FEA478100AB93B2 /* Main.storyboard */; };
		781D30611FEA478100AB93B2 /* Assets.xcassets in Resources */ = {isa = PBXBuildFile; fileRef = 781D30601FEA478100AB93B2 /* Assets.xcassets */; };
		781D30641FEA478100AB93B2 /* LaunchScreen.storyboard in Resources */ = {isa = PBXBuildFile; fileRef = 781D30621FEA478100AB93B2 /* LaunchScreen.storyboard */; };
		781D30671FEA478100AB93B2 /* main.m in Sources */ = {isa = PBXBuildFile; fileRef = 781D30661FEA478100AB93B2 /* main.m */; };
		781D30711FEA478100AB93B2 /* testTests.m in Sources */ = {isa = PBXBuildFile; fileRef = 781D30701FEA478100AB93B2 /* testTests.m */; };
		781D307C1FEA478100AB93B2 /* testUITests.m in Sources */ = {isa = PBXBuildFile; fileRef = 781D307B1FEA478100AB93B2 /* testUITests.m */; };
		781D308C1FEA493700AB93B2 /* GTPreviewView.m in Sources */ = {isa = PBXBuildFile; fileRef = 781D308B1FEA493700AB93B2 /* GTPreviewView.m */; };
		781D30901FEA499500AB93B2 /* GTCaptureOutputUtils.mm in Sources */ = {isa = PBXBuildFile; fileRef = 781D308F1FEA499500AB93B2 /* GTCaptureOutputUtils.mm */; };
		78897121202ED31900A8E8DA /* OpticaldoWork.mm in Sources */ = {isa = PBXBuildFile; fileRef = 78897120202ED31900A8E8DA /* OpticaldoWork.mm */; };
		788971252035F62900A8E8DA /* CoreVideo.framework in Frameworks */ = {isa = PBXBuildFile; fileRef = 788971242035F62900A8E8DA /* CoreVideo.framework */; };
		788971272035F63700A8E8DA /* CoreGraphics.framework in Frameworks */ = {isa = PBXBuildFile; fileRef = 788971262035F63700A8E8DA /* CoreGraphics.framework */; };
		788971292035F64F00A8E8DA /* CoreImage.framework in Frameworks */ = {isa = PBXBuildFile; fileRef = 788971282035F64F00A8E8DA /* CoreImage.framework */; };
		7889712B2035F6B400A8E8DA /* UIKit.framework in Frameworks */ = {isa = PBXBuildFile; fileRef = 7889712A2035F6B400A8E8DA /* UIKit.framework */; };
		7889712D2035F6BF00A8E8DA /* Accelerate.framework in Frameworks */ = {isa = PBXBuildFile; fileRef = 7889712C2035F6BF00A8E8DA /* Accelerate.framework */; };
		7889712F2035F6C700A8E8DA /* AVFoundation.framework in Frameworks */ = {isa = PBXBuildFile; fileRef = 7889712E2035F6C700A8E8DA /* AVFoundation.framework */; };
		788971312035F6D600A8E8DA /* CoreMedia.framework in Frameworks */ = {isa = PBXBuildFile; fileRef = 788971302035F6D600A8E8DA /* CoreMedia.framework */; };
/* End PBXBuildFile section */

/* Begin PBXContainerItemProxy section */
		781D306D1FEA478100AB93B2 /* PBXContainerItemProxy */ = {
			isa = PBXContainerItemProxy;
			containerPortal = 781D304C1FEA478100AB93B2 /* Project object */;
			proxyType = 1;
			remoteGlobalIDString = 781D30531FEA478100AB93B2;
			remoteInfo = test;
		};
		781D30781FEA478100AB93B2 /* PBXContainerItemProxy */ = {
			isa = PBXContainerItemProxy;
			containerPortal = 781D304C1FEA478100AB93B2 /* Project object */;
			proxyType = 1;
			remoteGlobalIDString = 781D30531FEA478100AB93B2;
			remoteInfo = test;
		};
/* End PBXContainerItemProxy section */

/* Begin PBXFileReference section */
		781D30541FEA478100AB93B2 /* test.app */ = {isa = PBXFileReference; explicitFileType = wrapper.application; includeInIndex = 0; path = test.app; sourceTree = BUILT_PRODUCTS_DIR; };
		781D30571FEA478100AB93B2 /* AppDelegate.h */ = {isa = PBXFileReference; lastKnownFileType = sourcecode.c.h; path = AppDelegate.h; sourceTree = "<group>"; };
		781D30581FEA478100AB93B2 /* AppDelegate.m */ = {isa = PBXFileReference; lastKnownFileType = sourcecode.c.objc; path = AppDelegate.m; sourceTree = "<group>"; };
		781D305A1FEA478100AB93B2 /* ViewController.h */ = {isa = PBXFileReference; lastKnownFileType = sourcecode.c.h; path = ViewController.h; sourceTree = "<group>"; };
		781D305B1FEA478100AB93B2 /* ViewController.mm */ = {isa = PBXFileReference; lastKnownFileType = sourcecode.cpp.objcpp; path = ViewController.mm; sourceTree = "<group>"; };
		781D305E1FEA478100AB93B2 /* Base */ = {isa = PBXFileReference; lastKnownFileType = file.storyboard; name = Base; path = Base.lproj/Main.storyboard; sourceTree = "<group>"; };
		781D30601FEA478100AB93B2 /* Assets.xcassets */ = {isa = PBXFileReference; lastKnownFileType = folder.assetcatalog; path = Assets.xcassets; sourceTree = "<group>"; };
		781D30631FEA478100AB93B2 /* Base */ = {isa = PBXFileReference; lastKnownFileType = file.storyboard; name = Base; path = Base.lproj/LaunchScreen.storyboard; sourceTree = "<group>"; };
		781D30651FEA478100AB93B2 /* Info.plist */ = {isa = PBXFileReference; lastKnownFileType = text.plist.xml; path = Info.plist; sourceTree = "<group>"; };
		781D30661FEA478100AB93B2 /* main.m */ = {isa = PBXFileReference; lastKnownFileType = sourcecode.c.objc; path = main.m; sourceTree = "<group>"; };
		781D306C1FEA478100AB93B2 /* testTests.xctest */ = {isa = PBXFileReference; explicitFileType = wrapper.cfbundle; includeInIndex = 0; path = testTests.xctest; sourceTree = BUILT_PRODUCTS_DIR; };
		781D30701FEA478100AB93B2 /* testTests.m */ = {isa = PBXFileReference; lastKnownFileType = sourcecode.c.objc; path = testTests.m; sourceTree = "<group>"; };
		781D30721FEA478100AB93B2 /* Info.plist */ = {isa = PBXFileReference; lastKnownFileType = text.plist.xml; path = Info.plist; sourceTree = "<group>"; };
		781D30771FEA478100AB93B2 /* testUITests.xctest */ = {isa = PBXFileReference; explicitFileType = wrapper.cfbundle; includeInIndex = 0; path = testUITests.xctest; sourceTree = BUILT_PRODUCTS_DIR; };
		781D307B1FEA478100AB93B2 /* testUITests.m */ = {isa = PBXFileReference; lastKnownFileType = sourcecode.c.objc; path = testUITests.m; sourceTree = "<group>"; };
		781D307D1FEA478100AB93B2 /* Info.plist */ = {isa = PBXFileReference; lastKnownFileType = text.plist.xml; path = Info.plist; sourceTree = "<group>"; };
		781D308B1FEA493700AB93B2 /* GTPreviewView.m */ = {isa = PBXFileReference; lastKnownFileType = sourcecode.c.objc; path = GTPreviewView.m; sourceTree = "<group>"; };
		781D308D1FEA495500AB93B2 /* GTPreviewView.h */ = {isa = PBXFileReference; lastKnownFileType = sourcecode.c.h; path = GTPreviewView.h; sourceTree = "<group>"; };
		781D308E1FEA497600AB93B2 /* GTCaptureOutputUtils.h */ = {isa = PBXFileReference; lastKnownFileType = sourcecode.c.h; path = GTCaptureOutputUtils.h; sourceTree = "<group>"; };
		781D308F1FEA499500AB93B2 /* GTCaptureOutputUtils.mm */ = {isa = PBXFileReference; lastKnownFileType = sourcecode.cpp.objcpp; path = GTCaptureOutputUtils.mm; sourceTree = "<group>"; };
		78897120202ED31900A8E8DA /* OpticaldoWork.mm */ = {isa = PBXFileReference; lastKnownFileType = sourcecode.cpp.objcpp; path = OpticaldoWork.mm; sourceTree = "<group>"; };
		78897122202ED32900A8E8DA /* OpticaldoWork.h */ = {isa = PBXFileReference; lastKnownFileType = sourcecode.c.h; path = OpticaldoWork.h; sourceTree = "<group>"; };
		788971242035F62900A8E8DA /* CoreVideo.framework */ = {isa = PBXFileReference; lastKnownFileType = wrapper.framework; name = CoreVideo.framework; path = System/Library/Frameworks/CoreVideo.framework; sourceTree = SDKROOT; };
		788971262035F63700A8E8DA /* CoreGraphics.framework */ = {isa = PBXFileReference; lastKnownFileType = wrapper.framework; name = CoreGraphics.framework; path = System/Library/Frameworks/CoreGraphics.framework; sourceTree = SDKROOT; };
		788971282035F64F00A8E8DA /* CoreImage.framework */ = {isa = PBXFileReference; lastKnownFileType = wrapper.framework; name = CoreImage.framework; path = System/Library/Frameworks/CoreImage.framework; sourceTree = SDKROOT; };
		7889712A2035F6B400A8E8DA /* UIKit.framework */ = {isa = PBXFileReference; lastKnownFileType = wrapper.framework; name = UIKit.framework; path = System/Library/Frameworks/UIKit.framework; sourceTree = SDKROOT; };
		7889712C2035F6BF00A8E8DA /* Accelerate.framework */ = {isa = PBXFileReference; lastKnownFileType = wrapper.framework; name = Accelerate.framework; path = System/Library/Frameworks/Accelerate.framework; sourceTree = SDKROOT; };
		7889712E2035F6C700A8E8DA /* AVFoundation.framework */ = {isa = PBXFileReference; lastKnownFileType = wrapper.framework; name = AVFoundation.framework; path = System/Library/Frameworks/AVFoundation.framework; sourceTree = SDKROOT; };
		788971302035F6D600A8E8DA /* CoreMedia.framework */ = {isa = PBXFileReference; lastKnownFileType = wrapper.framework; name = CoreMedia.framework; path = System/Library/Frameworks/CoreMedia.framework; sourceTree = SDKROOT; };
/* End PBXFileReference section */

/* Begin PBXFrameworksBuildPhase section */
		781D30511FEA478100AB93B2 /* Frameworks */ = {
			isa = PBXFrameworksBuildPhase;
			buildActionMask = 2147483647;
			files = (
				788971312035F6D600A8E8DA /* CoreMedia.framework in Frameworks */,
				7889712F2035F6C700A8E8DA /* AVFoundation.framework in Frameworks */,
				7889712D2035F6BF00A8E8DA /* Accelerate.framework in Frameworks */,
				7889712B2035F6B400A8E8DA /* UIKit.framework in Frameworks */,
				788971292035F64F00A8E8DA /* CoreImage.framework in Frameworks */,
				788971272035F63700A8E8DA /* CoreGraphics.framework in Frameworks */,
				788971252035F62900A8E8DA /* CoreVideo.framework in Frameworks */,
			);
			runOnlyForDeploymentPostprocessing = 0;
		};
		781D30691FEA478100AB93B2 /* Frameworks */ = {
			isa = PBXFrameworksBuildPhase;
			buildActionMask = 2147483647;
			files = (
			);
			runOnlyForDeploymentPostprocessing = 0;
		};
		781D30741FEA478100AB93B2 /* Frameworks */ = {
			isa = PBXFrameworksBuildPhase;
			buildActionMask = 2147483647;
			files = (
			);
			runOnlyForDeploymentPostprocessing = 0;
		};
/* End PBXFrameworksBuildPhase section */

/* Begin PBXGroup section */
		781D304B1FEA478100AB93B2 = {
			isa = PBXGroup;
			children = (
				781D30561FEA478100AB93B2 /* test */,
				781D306F1FEA478100AB93B2 /* testTests */,
				781D307A1FEA478100AB93B2 /* testUITests */,
				781D30551FEA478100AB93B2 /* Products */,
				788971232035F62800A8E8DA /* Frameworks */,
			);
			sourceTree = "<group>";
		};
		781D30551FEA478100AB93B2 /* Products */ = {
			isa = PBXGroup;
			children = (
				781D30541FEA478100AB93B2 /* test.app */,
				781D306C1FEA478100AB93B2 /* testTests.xctest */,
				781D30771FEA478100AB93B2 /* testUITests.xctest */,
			);
			name = Products;
			sourceTree = "<group>";
		};
		781D30561FEA478100AB93B2 /* test */ = {
			isa = PBXGroup;
			children = (
				781D308A1FEA490100AB93B2 /* Utils */,
				781D30891FEA48FC00AB93B2 /* View */,
				781D30571FEA478100AB93B2 /* AppDelegate.h */,
				781D30581FEA478100AB93B2 /* AppDelegate.m */,
				781D305A1FEA478100AB93B2 /* ViewController.h */,
				781D305B1FEA478100AB93B2 /* ViewController.mm */,
				781D305D1FEA478100AB93B2 /* Main.storyboard */,
				781D30601FEA478100AB93B2 /* Assets.xcassets */,
				781D30621FEA478100AB93B2 /* LaunchScreen.storyboard */,
				781D30651FEA478100AB93B2 /* Info.plist */,
				781D30661FEA478100AB93B2 /* main.m */,
				78897120202ED31900A8E8DA /* OpticaldoWork.mm */,
				78897122202ED32900A8E8DA /* OpticaldoWork.h */,
			);
			path = test;
			sourceTree = "<group>";
		};
		781D306F1FEA478100AB93B2 /* testTests */ = {
			isa = PBXGroup;
			children = (
				781D30701FEA478100AB93B2 /* testTests.m */,
				781D30721FEA478100AB93B2 /* Info.plist */,
			);
			path = testTests;
			sourceTree = "<group>";
		};
		781D307A1FEA478100AB93B2 /* testUITests */ = {
			isa = PBXGroup;
			children = (
				781D307B1FEA478100AB93B2 /* testUITests.m */,
				781D307D1FEA478100AB93B2 /* Info.plist */,
			);
			path = testUITests;
			sourceTree = "<group>";
		};
		781D30891FEA48FC00AB93B2 /* View */ = {
			isa = PBXGroup;
			children = (
				781D308B1FEA493700AB93B2 /* GTPreviewView.m */,
				781D308D1FEA495500AB93B2 /* GTPreviewView.h */,
			);
			path = View;
			sourceTree = "<group>";
		};
		781D308A1FEA490100AB93B2 /* Utils */ = {
			isa = PBXGroup;
			children = (
				781D308E1FEA497600AB93B2 /* GTCaptureOutputUtils.h */,
				781D308F1FEA499500AB93B2 /* GTCaptureOutputUtils.mm */,
			);
			path = Utils;
			sourceTree = "<group>";
		};
		788971232035F62800A8E8DA /* Frameworks */ = {
			isa = PBXGroup;
			children = (
				788971302035F6D600A8E8DA /* CoreMedia.framework */,
				7889712E2035F6C700A8E8DA /* AVFoundation.framework */,
				7889712C2035F6BF00A8E8DA /* Accelerate.framework */,
				7889712A2035F6B400A8E8DA /* UIKit.framework */,
				788971282035F64F00A8E8DA /* CoreImage.framework */,
				788971262035F63700A8E8DA /* CoreGraphics.framework */,
				788971242035F62900A8E8DA /* CoreVideo.framework */,
			);
			name = Frameworks;
			sourceTree = "<group>";
		};
/* End PBXGroup section */

/* Begin PBXNativeTarget section */
		781D30531FEA478100AB93B2 /* test */ = {
			isa = PBXNativeTarget;
			buildConfigurationList = 781D30801FEA478100AB93B2 /* Build configuration list for PBXNativeTarget "test" */;
			buildPhases = (
				781D30501FEA478100AB93B2 /* Sources */,
				781D30511FEA478100AB93B2 /* Frameworks */,
				781D30521FEA478100AB93B2 /* Resources */,
			);
			buildRules = (
			);
			dependencies = (
			);
			name = test;
			productName = test;
			productReference = 781D30541FEA478100AB93B2 /* test.app */;
			productType = "com.apple.product-type.application";
		};
		781D306B1FEA478100AB93B2 /* testTests */ = {
			isa = PBXNativeTarget;
			buildConfigurationList = 781D30831FEA478100AB93B2 /* Build configuration list for PBXNativeTarget "testTests" */;
			buildPhases = (
				781D30681FEA478100AB93B2 /* Sources */,
				781D30691FEA478100AB93B2 /* Frameworks */,
				781D306A1FEA478100AB93B2 /* Resources */,
			);
			buildRules = (
			);
			dependencies = (
				781D306E1FEA478100AB93B2 /* PBXTargetDependency */,
			);
			name = testTests;
			productName = testTests;
			productReference = 781D306C1FEA478100AB93B2 /* testTests.xctest */;
			productType = "com.apple.product-type.bundle.unit-test";
		};
		781D30761FEA478100AB93B2 /* testUITests */ = {
			isa = PBXNativeTarget;
			buildConfigurationList = 781D30861FEA478100AB93B2 /* Build configuration list for PBXNativeTarget "testUITests" */;
			buildPhases = (
				781D30731FEA478100AB93B2 /* Sources */,
				781D30741FEA478100AB93B2 /* Frameworks */,
				781D30751FEA478100AB93B2 /* Resources */,
			);
			buildRules = (
			);
			dependencies = (
				781D30791FEA478100AB93B2 /* PBXTargetDependency */,
			);
			name = testUITests;
			productName = testUITests;
			productReference = 781D30771FEA478100AB93B2 /* testUITests.xctest */;
			productType = "com.apple.product-type.bundle.ui-testing";
		};
/* End PBXNativeTarget section */

/* Begin PBXProject section */
		781D304C1FEA478100AB93B2 /* Project object */ = {
			isa = PBXProject;
			attributes = {
				LastUpgradeCheck = 0920;
				ORGANIZATIONNAME = "Andrea Chen";
				TargetAttributes = {
					781D30531FEA478100AB93B2 = {
						CreatedOnToolsVersion = 9.2;
						ProvisioningStyle = Automatic;
					};
					781D306B1FEA478100AB93B2 = {
						CreatedOnToolsVersion = 9.2;
						ProvisioningStyle = Automatic;
						TestTargetID = 781D30531FEA478100AB93B2;
					};
					781D30761FEA478100AB93B2 = {
						CreatedOnToolsVersion = 9.2;
						ProvisioningStyle = Automatic;
						TestTargetID = 781D30531FEA478100AB93B2;
					};
				};
			};
			buildConfigurationList = 781D304F1FEA478100AB93B2 /* Build configuration list for PBXProject "test" */;
			compatibilityVersion = "Xcode 8.0";
			developmentRegion = en;
			hasScannedForEncodings = 0;
			knownRegions = (
				en,
				Base,
			);
			mainGroup = 781D304B1FEA478100AB93B2;
			productRefGroup = 781D30551FEA478100AB93B2 /* Products */;
			projectDirPath = "";
			projectRoot = "";
			targets = (
				781D30531FEA478100AB93B2 /* test */,
				781D306B1FEA478100AB93B2 /* testTests */,
				781D30761FEA478100AB93B2 /* testUITests */,
			);
		};
/* End PBXProject section */

/* Begin PBXResourcesBuildPhase section */
		781D30521FEA478100AB93B2 /* Resources */ = {
			isa = PBXResourcesBuildPhase;
			buildActionMask = 2147483647;
			files = (
				781D30641FEA478100AB93B2 /* LaunchScreen.storyboard in Resources */,
				781D30611FEA478100AB93B2 /* Assets.xcassets in Resources */,
				781D305F1FEA478100AB93B2 /* Main.storyboard in Resources */,
			);
			runOnlyForDeploymentPostprocessing = 0;
		};
		781D306A1FEA478100AB93B2 /* Resources */ = {
			isa = PBXResourcesBuildPhase;
			buildActionMask = 2147483647;
			files = (
			);
			runOnlyForDeploymentPostprocessing = 0;
		};
		781D30751FEA478100AB93B2 /* Resources */ = {
			isa = PBXResourcesBuildPhase;
			buildActionMask = 2147483647;
			files = (
			);
			runOnlyForDeploymentPostprocessing = 0;
		};
/* End PBXResourcesBuildPhase section */

/* Begin PBXSourcesBuildPhase section */
		781D30501FEA478100AB93B2 /* Sources */ = {
			isa = PBXSourcesBuildPhase;
			buildActionMask = 2147483647;
			files = (
				781D305C1FEA478100AB93B2 /* ViewController.mm in Sources */,
				781D30901FEA499500AB93B2 /* GTCaptureOutputUtils.mm in Sources */,
				78897121202ED31900A8E8DA /* OpticaldoWork.mm in Sources */,
				781D30671FEA478100AB93B2 /* main.m in Sources */,
				781D308C1FEA493700AB93B2 /* GTPreviewView.m in Sources */,
				781D30591FEA478100AB93B2 /* AppDelegate.m in Sources */,
			);
			runOnlyForDeploymentPostprocessing = 0;
		};
		781D30681FEA478100AB93B2 /* Sources */ = {
			isa = PBXSourcesBuildPhase;
			buildActionMask = 2147483647;
			files = (
				781D30711FEA478100AB93B2 /* testTests.m in Sources */,
			);
			runOnlyForDeploymentPostprocessing = 0;
		};
		781D30731FEA478100AB93B2 /* Sources */ = {
			isa = PBXSourcesBuildPhase;
			buildActionMask = 2147483647;
			files = (
				781D307C1FEA478100AB93B2 /* testUITests.m in Sources */,
			);
			runOnlyForDeploymentPostprocessing = 0;
		};
/* End PBXSourcesBuildPhase section */

/* Begin PBXTargetDependency section */
		781D306E1FEA478100AB93B2 /* PBXTargetDependency */ = {
			isa = PBXTargetDependency;
			target = 781D30531FEA478100AB93B2 /* test */;
			targetProxy = 781D306D1FEA478100AB93B2 /* PBXContainerItemProxy */;
		};
		781D30791FEA478100AB93B2 /* PBXTargetDependency */ = {
			isa = PBXTargetDependency;
			target = 781D30531FEA478100AB93B2 /* test */;
			targetProxy = 781D30781FEA478100AB93B2 /* PBXContainerItemProxy */;
		};
/* End PBXTargetDependency section */

/* Begin PBXVariantGroup section */
		781D305D1FEA478100AB93B2 /* Main.storyboard */ = {
			isa = PBXVariantGroup;
			children = (
				781D305E1FEA478100AB93B2 /* Base */,
			);
			name = Main.storyboard;
			sourceTree = "<group>";
		};
		781D30621FEA478100AB93B2 /* LaunchScreen.storyboard */ = {
			isa = PBXVariantGroup;
			children = (
				781D30631FEA478100AB93B2 /* Base */,
			);
			name = LaunchScreen.storyboard;
			sourceTree = "<group>";
		};
/* End PBXVariantGroup section */

/* Begin XCBuildConfiguration section */
		781D307E1FEA478100AB93B2 /* Debug */ = {
			isa = XCBuildConfiguration;
			buildSettings = {
				ALWAYS_SEARCH_USER_PATHS = NO;
				CLANG_ANALYZER_NONNULL = YES;
				CLANG_ANALYZER_NUMBER_OBJECT_CONVERSION = YES_AGGRESSIVE;
				CLANG_CXX_LANGUAGE_STANDARD = "gnu++14";
				CLANG_CXX_LIBRARY = "libc++";
				CLANG_ENABLE_MODULES = YES;
				CLANG_ENABLE_OBJC_ARC = YES;
				CLANG_WARN_BLOCK_CAPTURE_AUTORELEASING = YES;
				CLANG_WARN_BOOL_CONVERSION = YES;
				CLANG_WARN_COMMA = YES;
				CLANG_WARN_CONSTANT_CONVERSION = YES;
				CLANG_WARN_DIRECT_OBJC_ISA_USAGE = YES_ERROR;
				CLANG_WARN_DOCUMENTATION_COMMENTS = YES;
				CLANG_WARN_EMPTY_BODY = YES;
				CLANG_WARN_ENUM_CONVERSION = YES;
				CLANG_WARN_INFINITE_RECURSION = YES;
				CLANG_WARN_INT_CONVERSION = YES;
				CLANG_WARN_NON_LITERAL_NULL_CONVERSION = YES;
				CLANG_WARN_OBJC_LITERAL_CONVERSION = YES;
				CLANG_WARN_OBJC_ROOT_CLASS = YES_ERROR;
				CLANG_WARN_RANGE_LOOP_ANALYSIS = YES;
				CLANG_WARN_STRICT_PROTOTYPES = YES;
				CLANG_WARN_SUSPICIOUS_MOVE = YES;
				CLANG_WARN_UNGUARDED_AVAILABILITY = YES_AGGRESSIVE;
				CLANG_WARN_UNREACHABLE_CODE = YES;
				CLANG_WARN__DUPLICATE_METHOD_MATCH = YES;
				CODE_SIGN_IDENTITY = "iPhone Developer";
				COPY_PHASE_STRIP = NO;
				DEBUG_INFORMATION_FORMAT = dwarf;
				ENABLE_STRICT_OBJC_MSGSEND = YES;
				ENABLE_TESTABILITY = YES;
				GCC_C_LANGUAGE_STANDARD = gnu11;
				GCC_DYNAMIC_NO_PIC = NO;
				GCC_NO_COMMON_BLOCKS = YES;
				GCC_OPTIMIZATION_LEVEL = 0;
				GCC_PREPROCESSOR_DEFINITIONS = (
					"DEBUG=1",
					"$(inherited)",
				);
				GCC_WARN_64_TO_32_BIT_CONVERSION = YES;
				GCC_WARN_ABOUT_RETURN_TYPE = YES_ERROR;
				GCC_WARN_UNDECLARED_SELECTOR = YES;
				GCC_WARN_UNINITIALIZED_AUTOS = YES_AGGRESSIVE;
				GCC_WARN_UNUSED_FUNCTION = YES;
				GCC_WARN_UNUSED_VARIABLE = YES;
				IPHONEOS_DEPLOYMENT_TARGET = 11.2;
				MTL_ENABLE_DEBUG_INFO = YES;
				ONLY_ACTIVE_ARCH = YES;
				SDKROOT = iphoneos;
			};
			name = Debug;
		};
		781D307F1FEA478100AB93B2 /* Release */ = {
			isa = XCBuildConfiguration;
			buildSettings = {
				ALWAYS_SEARCH_USER_PATHS = NO;
				CLANG_ANALYZER_NONNULL = YES;
				CLANG_ANALYZER_NUMBER_OBJECT_CONVERSION = YES_AGGRESSIVE;
				CLANG_CXX_LANGUAGE_STANDARD = "gnu++14";
				CLANG_CXX_LIBRARY = "libc++";
				CLANG_ENABLE_MODULES = YES;
				CLANG_ENABLE_OBJC_ARC = YES;
				CLANG_WARN_BLOCK_CAPTURE_AUTORELEASING = YES;
				CLANG_WARN_BOOL_CONVERSION = YES;
				CLANG_WARN_COMMA = YES;
				CLANG_WARN_CONSTANT_CONVERSION = YES;
				CLANG_WARN_DIRECT_OBJC_ISA_USAGE = YES_ERROR;
				CLANG_WARN_DOCUMENTATION_COMMENTS = YES;
				CLANG_WARN_EMPTY_BODY = YES;
				CLANG_WARN_ENUM_CONVERSION = YES;
				CLANG_WARN_INFINITE_RECURSION = YES;
				CLANG_WARN_INT_CONVERSION = YES;
				CLANG_WARN_NON_LITERAL_NULL_CONVERSION = YES;
				CLANG_WARN_OBJC_LITERAL_CONVERSION = YES;
				CLANG_WARN_OBJC_ROOT_CLASS = YES_ERROR;
				CLANG_WARN_RANGE_LOOP_ANALYSIS = YES;
				CLANG_WARN_STRICT_PROTOTYPES = YES;
				CLANG_WARN_SUSPICIOUS_MOVE = YES;
				CLANG_WARN_UNGUARDED_AVAILABILITY = YES_AGGRESSIVE;
				CLANG_WARN_UNREACHABLE_CODE = YES;
				CLANG_WARN__DUPLICATE_METHOD_MATCH = YES;
				CODE_SIGN_IDENTITY = "iPhone Developer";
				COPY_PHASE_STRIP = NO;
				DEBUG_INFORMATION_FORMAT = "dwarf-with-dsym";
				ENABLE_NS_ASSERTIONS = NO;
				ENABLE_STRICT_OBJC_MSGSEND = YES;
				GCC_C_LANGUAGE_STANDARD = gnu11;
				GCC_NO_COMMON_BLOCKS = YES;
				GCC_WARN_64_TO_32_BIT_CONVERSION = YES;
				GCC_WARN_ABOUT_RETURN_TYPE = YES_ERROR;
				GCC_WARN_UNDECLARED_SELECTOR = YES;
				GCC_WARN_UNINITIALIZED_AUTOS = YES_AGGRESSIVE;
				GCC_WARN_UNUSED_FUNCTION = YES;
				GCC_WARN_UNUSED_VARIABLE = YES;
				IPHONEOS_DEPLOYMENT_TARGET = 11.2;
				MTL_ENABLE_DEBUG_INFO = NO;
				SDKROOT = iphoneos;
				VALIDATE_PRODUCT = YES;
			};
			name = Release;
		};
		781D30811FEA478100AB93B2 /* Debug */ = {
			isa = XCBuildConfiguration;
			buildSettings = {
				ASSETCATALOG_COMPILER_APPICON_NAME = AppIcon;
				CODE_SIGN_STYLE = Automatic;
				DEVELOPMENT_TEAM = CAFDG7Q67V;
				INFOPLIST_FILE = test/Info.plist;
				LD_RUNPATH_SEARCH_PATHS = "$(inherited) @executable_path/Frameworks";
				PRODUCT_BUNDLE_IDENTIFIER = testfile.test;
				PRODUCT_NAME = "$(TARGET_NAME)";
				TARGETED_DEVICE_FAMILY = "1,2";
			};
			name = Debug;
		};
		781D30821FEA478100AB93B2 /* Release */ = {
			isa = XCBuildConfiguration;
			buildSettings = {
				ASSETCATALOG_COMPILER_APPICON_NAME = AppIcon;
				CODE_SIGN_STYLE = Automatic;
				DEVELOPMENT_TEAM = CAFDG7Q67V;
				INFOPLIST_FILE = test/Info.plist;
				LD_RUNPATH_SEARCH_PATHS = "$(inherited) @executable_path/Frameworks";
				PRODUCT_BUNDLE_IDENTIFIER = testfile.test;
				PRODUCT_NAME = "$(TARGET_NAME)";
				TARGETED_DEVICE_FAMILY = "1,2";
			};
			name = Release;
		};
		781D30841FEA478100AB93B2 /* Debug */ = {
			isa = XCBuildConfiguration;
			buildSettings = {
				BUNDLE_LOADER = "$(TEST_HOST)";
				CODE_SIGN_STYLE = Automatic;
				DEVELOPMENT_TEAM = CAFDG7Q67V;
				INFOPLIST_FILE = testTests/Info.plist;
				LD_RUNPATH_SEARCH_PATHS = "$(inherited) @executable_path/Frameworks @loader_path/Frameworks";
				PRODUCT_BUNDLE_IDENTIFIER = testfile.testTests;
				PRODUCT_NAME = "$(TARGET_NAME)";
				TARGETED_DEVICE_FAMILY = "1,2";
				TEST_HOST = "$(BUILT_PRODUCTS_DIR)/test.app/test";
			};
			name = Debug;
		};
		781D30851FEA478100AB93B2 /* Release */ = {
			isa = XCBuildConfiguration;
			buildSettings = {
				BUNDLE_LOADER = "$(TEST_HOST)";
				CODE_SIGN_STYLE = Automatic;
				DEVELOPMENT_TEAM = CAFDG7Q67V;
				INFOPLIST_FILE = testTests/Info.plist;
				LD_RUNPATH_SEARCH_PATHS = "$(inherited) @executable_path/Frameworks @loader_path/Frameworks";
				PRODUCT_BUNDLE_IDENTIFIER = testfile.testTests;
				PRODUCT_NAME = "$(TARGET_NAME)";
				TARGETED_DEVICE_FAMILY = "1,2";
				TEST_HOST = "$(BUILT_PRODUCTS_DIR)/test.app/test";
			};
			name = Release;
		};
		781D30871FEA478100AB93B2 /* Debug */ = {
			isa = XCBuildConfiguration;
			buildSettings = {
				CODE_SIGN_STYLE = Automatic;
				DEVELOPMENT_TEAM = CAFDG7Q67V;
				INFOPLIST_FILE = testUITests/Info.plist;
				LD_RUNPATH_SEARCH_PATHS = "$(inherited) @executable_path/Frameworks @loader_path/Frameworks";
				PRODUCT_BUNDLE_IDENTIFIER = testfile.testUITests;
				PRODUCT_NAME = "$(TARGET_NAME)";
				TARGETED_DEVICE_FAMILY = "1,2";
				TEST_TARGET_NAME = test;
			};
			name = Debug;
		};
		781D30881FEA478100AB93B2 /* Release */ = {
			isa = XCBuildConfiguration;
			buildSettings = {
				CODE_SIGN_STYLE = Automatic;
				DEVELOPMENT_TEAM = CAFDG7Q67V;
				INFOPLIST_FILE = testUITests/Info.plist;
				LD_RUNPATH_SEARCH_PATHS = "$(inherited) @executable_path/Frameworks @loader_path/Frameworks";
				PRODUCT_BUNDLE_IDENTIFIER = testfile.testUITests;
				PRODUCT_NAME = "$(TARGET_NAME)";
				TARGETED_DEVICE_FAMILY = "1,2";
				TEST_TARGET_NAME = test;
			};
			name = Release;
		};
/* End XCBuildConfiguration section */

/* Begin XCConfigurationList section */
		781D304F1FEA478100AB93B2 /* Build configuration list for PBXProject "test" */ = {
			isa = XCConfigurationList;
			buildConfigurations = (
				781D307E1FEA478100AB93B2 /* Debug */,
				781D307F1FEA478100AB93B2 /* Release */,
			);
			defaultConfigurationIsVisible = 0;
			defaultConfigurationName = Release;
		};
		781D30801FEA478100AB93B2 /* Build configuration list for PBXNativeTarget "test" */ = {
			isa = XCConfigurationList;
			buildConfigurations = (
				781D30811FEA478100AB93B2 /* Debug */,
				781D30821FEA478100AB93B2 /* Release */,
			);
			defaultConfigurationIsVisible = 0;
			defaultConfigurationName = Release;
		};
		781D30831FEA478100AB93B2 /* Build configuration list for PBXNativeTarget "testTests" */ = {
			isa = XCConfigurationList;
			buildConfigurations = (
				781D30841FEA478100AB93B2 /* Debug */,
				781D30851FEA478100AB93B2 /* Release */,
			);
			defaultConfigurationIsVisible = 0;
			defaultConfigurationName = Release;
		};
		781D30861FEA478100AB93B2 /* Build configuration list for PBXNativeTarget "testUITests" */ = {
			isa = XCConfigurationList;
			buildConfigurations = (
				781D30871FEA478100AB93B2 /* Debug */,
				781D30881FEA478100AB93B2 /* Release */,
			);
			defaultConfigurationIsVisible = 0;
			defaultConfigurationName = Release;
		};
/* End XCConfigurationList section */
	};
	rootObject = 781D304C1FEA478100AB93B2 /* Project object */;
}
